// !$*UTF8*$!
{
	archiveVersion = 1;
	classes = {
	};
	objectVersion = 77;
	objects = {

/* Begin PBXBuildFile section */
		026C7BCB2FA39C1A0056DE7D /* CocoaMQTT in Frameworks */ = {isa = PBXBuildFile; productRef = 026C7BCA2FA39C1A0056DE7D /* CocoaMQTT */; };
		026C7BCD2FA39C1A0056DE7D /* CocoaMQTTWebSocket in Frameworks */ = {isa = PBXBuildFile; productRef = 026C7BCC2FA39C1A0056DE7D /* CocoaMQTTWebSocket */; };
/* End PBXBuildFile section */

/* Begin PBXContainerItemProxy section */
		026C7BAD2FA39BD30056DE7D /* PBXContainerItemProxy */ = {
			isa = PBXContainerItemProxy;
			containerPortal = 026C7B952FA39BD00056DE7D /* Project object */;
			proxyType = 1;
			remoteGlobalIDString = 026C7B9C2FA39BD00056DE7D;
			remoteInfo = MQTTClient;
		};
		026C7BB72FA39BD30056DE7D /* PBXContainerItemProxy */ = {
			isa = PBXContainerItemProxy;
			containerPortal = 026C7B952FA39BD00056DE7D /* Project object */;
			proxyType = 1;
			remoteGlobalIDString = 026C7B9C2FA39BD00056DE7D;
			remoteInfo = MQTTClient;
		};
/* End PBXContainerItemProxy section */

/* Begin PBXFileReference section */
		026C7B9D2FA39BD00056DE7D /* MQTTClient.app */ = {isa = PBXFileReference; explicitFileType = wrapper.application; includeInIndex = 0; path = MQTTClient.app; sourceTree = BUILT_PRODUCTS_DIR; };
		026C7BAC2FA39BD30056DE7D /* MQTTClientTests.xctest */ = {isa = PBXFileReference; explicitFileType = wrapper.cfbundle; includeInIndex = 0; path = MQTTClientTests.xctest; sourceTree = BUILT_PRODUCTS_DIR; };
		026C7BB62FA39BD30056DE7D /* MQTTClientUITests.xctest */ = {isa = PBXFileReference; explicitFileType = wrapper.cfbundle; includeInIndex = 0; path = MQTTClientUITests.xctest; sourceTree = BUILT_PRODUCTS_DIR; };
/* End PBXFileReference section */

/* Begin PBXFileSystemSynchronizedRootGroup section */
		026C7B9F2FA39BD00056DE7D /* MQTTClient */ = {
			isa = PBXFileSystemSynchronizedRootGroup;
			path = MQTTClient;
			sourceTree = "<group>";
		};
		026C7BAF2FA39BD30056DE7D /* MQTTClientTests */ = {
			isa = PBXFileSystemSynchronizedRootGroup;
			path = MQTTClientTests;
			sourceTree = "<group>";
		};
		026C7BB92FA39BD30056DE7D /* MQTTClientUITests */ = {
			isa = PBXFileSystemSynchronizedRootGroup;
			path = MQTTClientUITests;
			sourceTree = "<group>";
		};
/* End PBXFileSystemSynchronizedRootGroup section */

/* Begin PBXFrameworksBuildPhase section */
		026C7B9A2FA39BD00056DE7D /* Frameworks */ = {
			isa = PBXFrameworksBuildPhase;
			buildActionMask = 2147483647;
			files = (
				026C7BCD2FA39C1A0056DE7D /* CocoaMQTTWebSocket in Frameworks */,
				026C7BCB2FA39C1A0056DE7D /* CocoaMQTT in Frameworks */,
			);
			runOnlyForDeploymentPostprocessing = 0;
		};
		026C7BA92FA39BD30056DE7D /* Frameworks */ = {
			isa = PBXFrameworksBuildPhase;
			buildActionMask = 2147483647;
			files = (
			);
			runOnlyForDeploymentPostprocessing = 0;
		};
		026C7BB32FA39BD30056DE7D /* Frameworks */ = {
			isa = PBXFrameworksBuildPhase;
			buildActionMask = 2147483647;
			files = (
			);
			runOnlyForDeploymentPostprocessing = 0;
		};
/* End PBXFrameworksBuildPhase section */

/* Begin PBXGroup section */
		026C7B942FA39BD00056DE7D = {
			isa = PBXGroup;
			children = (
				026C7B9F2FA39BD00056DE7D /* MQTTClient */,
				026C7BAF2FA39BD30056DE7D /* MQTTClientTests */,
				026C7BB92FA39BD30056DE7D /* MQTTClientUITests */,
				026C7B9E2FA39BD00056DE7D /* Products */,
			);
			sourceTree = "<group>";
		};
		026C7B9E2FA39BD00056DE7D /* Products */ = {
			isa = PBXGroup;
			children = (
				026C7B9D2FA39BD00056DE7D /* MQTTClient.app */,
				026C7BAC2FA39BD30056DE7D /* MQTTClientTests.xctest */,
				026C7BB62FA39BD30056DE7D /* MQTTClientUITests.xctest */,
			);
			name = Products;
			sourceTree = "<group>";
		};
/* End PBXGroup section */

/* Begin PBXNativeTarget section */
		026C7B9C2FA39BD00056DE7D /* MQTTClient */ = {
			isa = PBXNativeTarget;
			buildConfigurationList = 026C7BC02FA39BD30056DE7D /* Build configuration list for PBXNativeTarget "MQTTClient" */;
			buildPhases = (
				026C7B992FA39BD00056DE7D /* Sources */,
				026C7B9A2FA39BD00056DE7D /* Frameworks */,
				026C7B9B2FA39BD00056DE7D /* Resources */,
			);
			buildRules = (
			);
			dependencies = (
			);
			fileSystemSynchronizedGroups = (
				026C7B9F2FA39BD00056DE7D /* MQTTClient */,
			);
			name = MQTTClient;
			packageProductDependencies = (
				026C7BCA2FA39C1A0056DE7D /* CocoaMQTT */,
				026C7BCC2FA39C1A0056DE7D /* CocoaMQTTWebSocket */,
			);
			productName = MQTTClient;
			productReference = 026C7B9D2FA39BD00056DE7D /* MQTTClient.app */;
			productType = "com.apple.product-type.application";
		};
		026C7BAB2FA39BD30056DE7D /* MQTTClientTests */ = {
			isa = PBXNativeTarget;
			buildConfigurationList = 026C7BC32FA39BD30056DE7D /* Build configuration list for PBXNativeTarget "MQTTClientTests" */;
			buildPhases = (
				026C7BA82FA39BD30056DE7D /* Sources */,
				026C7BA92FA39BD30056DE7D /* Frameworks */,
				026C7BAA2FA39BD30056DE7D /* Resources */,
			);
			buildRules = (
			);
			dependencies = (
				026C7BAE2FA39BD30056DE7D /* PBXTargetDependency */,
			);
			fileSystemSynchronizedGroups = (
				026C7BAF2FA39BD30056DE7D /* MQTTClientTests */,
			);
			name = MQTTClientTests;
			packageProductDependencies = (
			);
			productName = MQTTClientTests;
			productReference = 026C7BAC2FA39BD30056DE7D /* MQTTClientTests.xctest */;
			productType = "com.apple.product-type.bundle.unit-test";
		};
		026C7BB52FA39BD30056DE7D /* MQTTClientUITests */ = {
			isa = PBXNativeTarget;
			buildConfigurationList = 026C7BC62FA39BD30056DE7D /* Build configuration list for PBXNativeTarget "MQTTClientUITests" */;
			buildPhases = (
				026C7BB22FA39BD30056DE7D /* Sources */,
				026C7BB32FA39BD30056DE7D /* Frameworks */,
				026C7BB42FA39BD30056DE7D /* Resources */,
			);
			buildRules = (
			);
			dependencies = (
				026C7BB82FA39BD30056DE7D /* PBXTargetDependency */,
			);
			fileSystemSynchronizedGroups = (
				026C7BB92FA39BD30056DE7D /* MQTTClientUITests */,
			);
			name = MQTTClientUITests;
			packageProductDependencies = (
			);
			productName = MQTTClientUITests;
			productReference = 026C7BB62FA39BD30056DE7D /* MQTTClientUITests.xctest */;
			productType = "com.apple.product-type.bundle.ui-testing";
		};
/* End PBXNativeTarget section */

/* Begin PBXProject section */
		026C7B952FA39BD00056DE7D /* Project object */ = {
			isa = PBXProject;
			attributes = {
				BuildIndependentTargetsInParallel = 1;
				LastSwiftUpdateCheck = 1640;
				LastUpgradeCheck = 1640;
				TargetAttributes = {
					026C7B9C2FA39BD00056DE7D = {
						CreatedOnToolsVersion = 16.4;
					};
					026C7BAB2FA39BD30056DE7D = {
						CreatedOnToolsVersion = 16.4;
						TestTargetID = 026C7B9C2FA39BD00056DE7D;
					};
					026C7BB52FA39BD30056DE7D = {
						CreatedOnToolsVersion = 16.4;
						TestTargetID = 026C7B9C2FA39BD00056DE7D;
					};
				};
			};
			buildConfigurationList = 026C7B982FA39BD00056DE7D /* Build configuration list for PBXProject "MQTTClient" */;
			developmentRegion = en;
			hasScannedForEncodings = 0;
			knownRegions = (
				en,
				Base,
			);
			mainGroup = 026C7B942FA39BD00056DE7D;
			minimizedProjectReferenceProxies = 1;
			packageReferences = (
				026C7BC92FA39C1A0056DE7D /* XCRemoteSwiftPackageReference "CocoaMQTT" */,
			);
			preferredProjectObjectVersion = 77;
			productRefGroup = 026C7B9E2FA39BD00056DE7D /* Products */;
			projectDirPath = "";
			projectRoot = "";
			targets = (
				026C7B9C2FA39BD00056DE7D /* MQTTClient */,
				026C7BAB2FA39BD30056DE7D /* MQTTClientTests */,
				026C7BB52FA39BD30056DE7D /* MQTTClientUITests */,
			);
		};
/* End PBXProject section */

/* Begin PBXResourcesBuildPhase section */
		026C7B9B2FA39BD00056DE7D /* Resources */ = {
			isa = PBXResourcesBuildPhase;
			buildActionMask = 2147483647;
			files = (
			);
			runOnlyForDeploymentPostprocessing = 0;
		};
		026C7BAA2FA39BD30056DE7D /* Resources */ = {
			isa = PBXResourcesBuildPhase;
			buildActionMask = 2147483647;
			files = (
			);
			runOnlyForDeploymentPostprocessing = 0;
		};
		026C7BB42FA39BD30056DE7D /* Resources */ = {
			isa = PBXResourcesBuildPhase;
			buildActionMask = 2147483647;
			files = (
			);
			runOnlyForDeploymentPostprocessing = 0;
		};
/* End PBXResourcesBuildPhase section */

/* Begin PBXSourcesBuildPhase section */
		026C7B992FA39BD00056DE7D /* Sources */ = {
			isa = PBXSourcesBuildPhase;
			buildActionMask = 2147483647;
			files = (
			);
			runOnlyForDeploymentPostprocessing = 0;
		};
		026C7BA82FA39BD30056DE7D /* Sources */ = {
			isa = PBXSourcesBuildPhase;
			buildActionMask = 2147483647;
			files = (
			);
			runOnlyForDeploymentPostprocessing = 0;
		};
		026C7BB22FA39BD30056DE7D /* Sources */ = {
			isa = PBXSourcesBuildPhase;
			buildActionMask = 2147483647;
			files = (
			);
			runOnlyForDeploymentPostprocessing = 0;
		};
/* End PBXSourcesBuildPhase section */

/* Begin PBXTargetDependency section */
		026C7BAE2FA39BD30056DE7D /* PBXTargetDependency */ = {
			isa = PBXTargetDependency;
			target = 026C7B9C2FA39BD00056DE7D /* MQTTClient */;
			targetProxy = 026C7BAD2FA39BD30056DE7D /* PBXContainerItemProxy */;
		};
		026C7BB82FA39BD30056DE7D /* PBXTargetDependency */ = {
			isa = PBXTargetDependency;
			target = 026C7B9C2FA39BD00056DE7D /* MQTTClient */;
			targetProxy = 026C7BB72FA39BD30056DE7D /* PBXContainerItemProxy */;
		};
/* End PBXTargetDependency section */

/* Begin XCBuildConfiguration section */
		026C7BBE2FA39BD30056DE7D /* Debug */ = {
			isa = XCBuildConfiguration;
			buildSettings = {
				ALWAYS_SEARCH_USER_PATHS = NO;
				ASSETCATALOG_COMPILER_GENERATE_SWIFT_ASSET_SYMBOL_EXTENSIONS = YES;
				CLANG_ANALYZER_NONNULL = YES;
				CLANG_ANALYZER_NUMBER_OBJECT_CONVERSION = YES_AGGRESSIVE;
				CLANG_CXX_LANGUAGE_STANDARD = "gnu++20";
				CLANG_ENABLE_MODULES = YES;
				CLANG_ENABLE_OBJC_ARC = YES;
				CLANG_ENABLE_OBJC_WEAK = YES;
				CLANG_WARN_BLOCK_CAPTURE_AUTORELEASING = YES;
				CLANG_WARN_BOOL_CONVERSION = YES;
				CLANG_WARN_COMMA = YES;
				CLANG_WARN_CONSTANT_CONVERSION = YES;
				CLANG_WARN_DEPRECATED_OBJC_IMPLEMENTATIONS = YES;
				CLANG_WARN_DIRECT_OBJC_ISA_USAGE = YES_ERROR;
				CLANG_WARN_DOCUMENTATION_COMMENTS = YES;
				CLANG_WARN_EMPTY_BODY = YES;
				CLANG_WARN_ENUM_CONVERSION = YES;
				CLANG_WARN_INFINITE_RECURSION = YES;
				CLANG_WARN_INT_CONVERSION = YES;
				CLANG_WARN_NON_LITERAL_NULL_CONVERSION = YES;
				CLANG_WARN_OBJC_IMPLICIT_RETAIN_SELF = YES;
				CLANG_WARN_OBJC_LITERAL_CONVERSION = YES;
				CLANG_WARN_OBJC_ROOT_CLASS = YES_ERROR;
				CLANG_WARN_QUOTED_INCLUDE_IN_FRAMEWORK_HEADER = YES;
				CLANG_WARN_RANGE_LOOP_ANALYSIS = YES;
				CLANG_WARN_STRICT_PROTOTYPES = YES;
				CLANG_WARN_SUSPICIOUS_MOVE = YES;
				CLANG_WARN_UNGUARDED_AVAILABILITY = YES_AGGRESSIVE;
				CLANG_WARN_UNREACHABLE_CODE = YES;
				CLANG_WARN__DUPLICATE_METHOD_MATCH = YES;
				COPY_PHASE_STRIP = NO;
				DEBUG_INFORMATION_FORMAT = dwarf;
				DEVELOPMENT_TEAM = M4DZ8PTV4K;
				ENABLE_STRICT_OBJC_MSGSEND = YES;
				ENABLE_TESTABILITY = YES;
				ENABLE_USER_SCRIPT_SANDBOXING = YES;
				GCC_C_LANGUAGE_STANDARD = gnu17;
				GCC_DYNAMIC_NO_PIC = NO;
				GCC_NO_COMMON_BLOCKS = YES;
				GCC_OPTIMIZATION_LEVEL = 0;
				GCC_PREPROCESSOR_DEFINITIONS = (
					"DEBUG=1",
					"$(inherited)",
				);
				GCC_WARN_64_TO_32_BIT_CONVERSION = YES;
				GCC_WARN_ABOUT_RETURN_TYPE = YES_ERROR;
				GCC_WARN_UNDECLARED_SELECTOR = YES;
				GCC_WARN_UNINITIALIZED_AUTOS = YES_AGGRESSIVE;
				GCC_WARN_UNUSED_FUNCTION = YES;
				GCC_WARN_UNUSED_VARIABLE = YES;
				IPHONEOS_DEPLOYMENT_TARGET = 18.5;
				LOCALIZATION_PREFERS_STRING_CATALOGS = YES;
				MTL_ENABLE_DEBUG_INFO = INCLUDE_SOURCE;
				MTL_FAST_MATH = YES;
				ONLY_ACTIVE_ARCH = YES;
				SDKROOT = iphoneos;
				SWIFT_ACTIVE_COMPILATION_CONDITIONS = "DEBUG $(inherited)";
				SWIFT_OPTIMIZATION_LEVEL = "-Onone";
			};
			name = Debug;
		};
		026C7BBF2FA39BD30056DE7D /* Release */ = {
			isa = XCBuildConfiguration;
			buildSettings = {
				ALWAYS_SEARCH_USER_PATHS = NO;
				ASSETCATALOG_COMPILER_GENERATE_SWIFT_ASSET_SYMBOL_EXTENSIONS = YES;
				CLANG_ANALYZER_NONNULL = YES;
				CLANG_ANALYZER_NUMBER_OBJECT_CONVERSION = YES_AGGRESSIVE;
				CLANG_CXX_LANGUAGE_STANDARD = "gnu++20";
				CLANG_ENABLE_MODULES = YES;
				CLANG_ENABLE_OBJC_ARC = YES;
				CLANG_ENABLE_OBJC_WEAK = YES;
				CLANG_WARN_BLOCK_CAPTURE_AUTORELEASING = YES;
				CLANG_WARN_BOOL_CONVERSION = YES;
				CLANG_WARN_COMMA = YES;
				CLANG_WARN_CONSTANT_CONVERSION = YES;
				CLANG_WARN_DEPRECATED_OBJC_IMPLEMENTATIONS = YES;
				CLANG_WARN_DIRECT_OBJC_ISA_USAGE = YES_ERROR;
				CLANG_WARN_DOCUMENTATION_COMMENTS = YES;
				CLANG_WARN_EMPTY_BODY = YES;
				CLANG_WARN_ENUM_CONVERSION = YES;
				CLANG_WARN_INFINITE_RECURSION = YES;
				CLANG_WARN_INT_CONVERSION = YES;
				CLANG_WARN_NON_LITERAL_NULL_CONVERSION = YES;
				CLANG_WARN_OBJC_IMPLICIT_RETAIN_SELF = YES;
				CLANG_WARN_OBJC_LITERAL_CONVERSION = YES;
				CLANG_WARN_OBJC_ROOT_CLASS = YES_ERROR;
				CLANG_WARN_QUOTED_INCLUDE_IN_FRAMEWORK_HEADER = YES;
				CLANG_WARN_RANGE_LOOP_ANALYSIS = YES;
				CLANG_WARN_STRICT_PROTOTYPES = YES;
				CLANG_WARN_SUSPICIOUS_MOVE = YES;
				CLANG_WARN_UNGUARDED_AVAILABILITY = YES_AGGRESSIVE;
				CLANG_WARN_UNREACHABLE_CODE = YES;
				CLANG_WARN__DUPLICATE_METHOD_MATCH = YES;
				COPY_PHASE_STRIP = NO;
				DEBUG_INFORMATION_FORMAT = "dwarf-with-dsym";
				DEVELOPMENT_TEAM = M4DZ8PTV4K;
				ENABLE_NS_ASSERTIONS = NO;
				ENABLE_STRICT_OBJC_MSGSEND = YES;
				ENABLE_USER_SCRIPT_SANDBOXING = YES;
				GCC_C_LANGUAGE_STANDARD = gnu17;
				GCC_NO_COMMON_BLOCKS = YES;
				GCC_WARN_64_TO_32_BIT_CONVERSION = YES;
				GCC_WARN_ABOUT_RETURN_TYPE = YES_ERROR;
				GCC_WARN_UNDECLARED_SELECTOR = YES;
				GCC_WARN_UNINITIALIZED_AUTOS = YES_AGGRESSIVE;
				GCC_WARN_UNUSED_FUNCTION = YES;
				GCC_WARN_UNUSED_VARIABLE = YES;
				IPHONEOS_DEPLOYMENT_TARGET = 18.5;
				LOCALIZATION_PREFERS_STRING_CATALOGS = YES;
				MTL_ENABLE_DEBUG_INFO = NO;
				MTL_FAST_MATH = YES;
				SDKROOT = iphoneos;
				SWIFT_COMPILATION_MODE = wholemodule;
				VALIDATE_PRODUCT = YES;
			};
			name = Release;
		};
		026C7BC12FA39BD30056DE7D /* Debug */ = {
			isa = XCBuildConfiguration;
			buildSettings = {
				ASSETCATALOG_COMPILER_APPICON_NAME = AppIcon;
				ASSETCATALOG_COMPILER_GLOBAL_ACCENT_COLOR_NAME = AccentColor;
				CODE_SIGN_STYLE = Automatic;
				CURRENT_PROJECT_VERSION = 1;
				DEVELOPMENT_TEAM = M4DZ8PTV4K;
				ENABLE_PREVIEWS = YES;
				GENERATE_INFOPLIST_FILE = YES;
				INFOPLIST_KEY_NSLocalNetworkUsageDescription = "Need permission to exchange message";
				INFOPLIST_KEY_UIApplicationSceneManifest_Generation = YES;
				INFOPLIST_KEY_UIApplicationSupportsIndirectInputEvents = YES;
				INFOPLIST_KEY_UILaunchScreen_Generation = YES;
				INFOPLIST_KEY_UISupportedInterfaceOrientations_iPad = "UIInterfaceOrientationPortrait UIInterfaceOrientationPortraitUpsideDown UIInterfaceOrientationLandscapeLeft UIInterfaceOrientationLandscapeRight";
				INFOPLIST_KEY_UISupportedInterfaceOrientations_iPhone = "UIInterfaceOrientationPortrait UIInterfaceOrientationLandscapeLeft UIInterfaceOrientationLandscapeRight";
				LD_RUNPATH_SEARCH_PATHS = (
					"$(inherited)",
					"@executable_path/Frameworks",
				);
				MARKETING_VERSION = 1.0;
				PRODUCT_BUNDLE_IDENTIFIER = com.personal.MQTTClient;
				PRODUCT_NAME = "$(TARGET_NAME)";
				SWIFT_EMIT_LOC_STRINGS = YES;
				SWIFT_VERSION = 5.0;
				TARGETED_DEVICE_FAMILY = "1,2";
			};
			name = Debug;
		};
		026C7BC22FA39BD30056DE7D /* Release */ = {
			isa = XCBuildConfiguration;
			buildSettings = {
				ASSETCATALOG_COMPILER_APPICON_NAME = AppIcon;
				ASSETCATALOG_COMPILER_GLOBAL_ACCENT_COLOR_NAME = AccentColor;
				CODE_SIGN_STYLE = Automatic;
				CURRENT_PROJECT_VERSION = 1;
				DEVELOPMENT_TEAM = M4DZ8PTV4K;
				ENABLE_PREVIEWS = YES;
				GENERATE_INFOPLIST_FILE = YES;
				INFOPLIST_KEY_NSLocalNetworkUsageDescription = "Need permission to exchange message";
				INFOPLIST_KEY_UIApplicationSceneManifest_Generation = YES;
				INFOPLIST_KEY_UIApplicationSupportsIndirectInputEvents = YES;
				INFOPLIST_KEY_UILaunchScreen_Generation = YES;
				INFOPLIST_KEY_UISupportedInterfaceOrientations_iPad = "UIInterfaceOrientationPortrait UIInterfaceOrientationPortraitUpsideDown UIInterfaceOrientationLandscapeLeft UIInterfaceOrientationLandscapeRight";
				INFOPLIST_KEY_UISupportedInterfaceOrientations_iPhone = "UIInterfaceOrientationPortrait UIInterfaceOrientationLandscapeLeft UIInterfaceOrientationLandscapeRight";
				LD_RUNPATH_SEARCH_PATHS = (
					"$(inherited)",
					"@executable_path/Frameworks",
				);
				MARKETING_VERSION = 1.0;
				PRODUCT_BUNDLE_IDENTIFIER = com.personal.MQTTClient;
				PRODUCT_NAME = "$(TARGET_NAME)";
				SWIFT_EMIT_LOC_STRINGS = YES;
				SWIFT_VERSION = 5.0;
				TARGETED_DEVICE_FAMILY = "1,2";
			};
			name = Release;
		};
		026C7BC42FA39BD30056DE7D /* Debug */ = {
			isa = XCBuildConfiguration;
			buildSettings = {
				BUNDLE_LOADER = "$(TEST_HOST)";
				CODE_SIGN_STYLE = Automatic;
				CURRENT_PROJECT_VERSION = 1;
				DEVELOPMENT_TEAM = M4DZ8PTV4K;
				GENERATE_INFOPLIST_FILE = YES;
				IPHONEOS_DEPLOYMENT_TARGET = 18.5;
				MARKETING_VERSION = 1.0;
				PRODUCT_BUNDLE_IDENTIFIER = com.personal.MQTTClientTests;
				PRODUCT_NAME = "$(TARGET_NAME)";
				SWIFT_EMIT_LOC_STRINGS = NO;
				SWIFT_VERSION = 5.0;
				TARGETED_DEVICE_FAMILY = "1,2";
				TEST_HOST = "$(BUILT_PRODUCTS_DIR)/MQTTClient.app/$(BUNDLE_EXECUTABLE_FOLDER_PATH)/MQTTClient";
			};
			name = Debug;
		};
		026C7BC52FA39BD30056DE7D /* Release */ = {
			isa = XCBuildConfiguration;
			buildSettings = {
				BUNDLE_LOADER = "$(TEST_HOST)";
				CODE_SIGN_STYLE = Automatic;
				CURRENT_PROJECT_VERSION = 1;
				DEVELOPMENT_TEAM = M4DZ8PTV4K;
				GENERATE_INFOPLIST_FILE = YES;
				IPHONEOS_DEPLOYMENT_TARGET = 18.5;
				MARKETING_VERSION = 1.0;
				PRODUCT_BUNDLE_IDENTIFIER = com.personal.MQTTClientTests;
				PRODUCT_NAME = "$(TARGET_NAME)";
				SWIFT_EMIT_LOC_STRINGS = NO;
				SWIFT_VERSION = 5.0;
				TARGETED_DEVICE_FAMILY = "1,2";
				TEST_HOST = "$(BUILT_PRODUCTS_DIR)/MQTTClient.app/$(BUNDLE_EXECUTABLE_FOLDER_PATH)/MQTTClient";
			};
			name = Release;
		};
		026C7BC72FA39BD30056DE7D /* Debug */ = {
			isa = XCBuildConfiguration;
			buildSettings = {
				CODE_SIGN_STYLE = Automatic;
				CURRENT_PROJECT_VERSION = 1;
				DEVELOPMENT_TEAM = M4DZ8PTV4K;
				GENERATE_INFOPLIST_FILE = YES;
				MARKETING_VERSION = 1.0;
				PRODUCT_BUNDLE_IDENTIFIER = com.personal.MQTTClientUITests;
				PRODUCT_NAME = "$(TARGET_NAME)";
				SWIFT_EMIT_LOC_STRINGS = NO;
				SWIFT_VERSION = 5.0;
				TARGETED_DEVICE_FAMILY = "1,2";
				TEST_TARGET_NAME = MQTTClient;
			};
			name = Debug;
		};
		026C7BC82FA39BD30056DE7D /* Release */ = {
			isa = XCBuildConfiguration;
			buildSettings = {
				CODE_SIGN_STYLE = Automatic;
				CURRENT_PROJECT_VERSION = 1;
				DEVELOPMENT_TEAM = M4DZ8PTV4K;
				GENERATE_INFOPLIST_FILE = YES;
				MARKETING_VERSION = 1.0;
				PRODUCT_BUNDLE_IDENTIFIER = com.personal.MQTTClientUITests;
				PRODUCT_NAME = "$(TARGET_NAME)";
				SWIFT_EMIT_LOC_STRINGS = NO;
				SWIFT_VERSION = 5.0;
				TARGETED_DEVICE_FAMILY = "1,2";
				TEST_TARGET_NAME = MQTTClient;
			};
			name = Release;
		};
/* End XCBuildConfiguration section */

/* Begin XCConfigurationList section */
		026C7B982FA39BD00056DE7D /* Build configuration list for PBXProject "MQTTClient" */ = {
			isa = XCConfigurationList;
			buildConfigurations = (
				026C7BBE2FA39BD30056DE7D /* Debug */,
				026C7BBF2FA39BD30056DE7D /* Release */,
			);
			defaultConfigurationIsVisible = 0;
			defaultConfigurationName = Release;
		};
		026C7BC02FA39BD30056DE7D /* Build configuration list for PBXNativeTarget "MQTTClient" */ = {
			isa = XCConfigurationList;
			buildConfigurations = (
				026C7BC12FA39BD30056DE7D /* Debug */,
				026C7BC22FA39BD30056DE7D /* Release */,
			);
			defaultConfigurationIsVisible = 0;
			defaultConfigurationName = Release;
		};
		026C7BC32FA39BD30056DE7D /* Build configuration list for PBXNativeTarget "MQTTClientTests" */ = {
			isa = XCConfigurationList;
			buildConfigurations = (
				026C7BC42FA39BD30056DE7D /* Debug */,
				026C7BC52FA39BD30056DE7D /* Release */,
			);
			defaultConfigurationIsVisible = 0;
			defaultConfigurationName = Release;
		};
		026C7BC62FA39BD30056DE7D /* Build configuration list for PBXNativeTarget "MQTTClientUITests" */ = {
			isa = XCConfigurationList;
			buildConfigurations = (
				026C7BC72FA39BD30056DE7D /* Debug */,
				026C7BC82FA39BD30056DE7D /* Release */,
			);
			defaultConfigurationIsVisible = 0;
			defaultConfigurationName = Release;
		};
/* End XCConfigurationList section */

/* Begin XCRemoteSwiftPackageReference section */
		026C7BC92FA39C1A0056DE7D /* XCRemoteSwiftPackageReference "CocoaMQTT" */ = {
			isa = XCRemoteSwiftPackageReference;
			repositoryURL = "https://github.com/emqx/CocoaMQTT.git";
			requirement = {
				kind = upToNextMajorVersion;
				minimumVersion = 2.2.4;
			};
		};
/* End XCRemoteSwiftPackageReference section */

/* Begin XCSwiftPackageProductDependency section */
		026C7BCA2FA39C1A0056DE7D /* CocoaMQTT */ = {
			isa = XCSwiftPackageProductDependency;
			package = 026C7BC92FA39C1A0056DE7D /* XCRemoteSwiftPackageReference "CocoaMQTT" */;
			productName = CocoaMQTT;
		};
		026C7BCC2FA39C1A0056DE7D /* CocoaMQTTWebSocket */ = {
			isa = XCSwiftPackageProductDependency;
			package = 026C7BC92FA39C1A0056DE7D /* XCRemoteSwiftPackageReference "CocoaMQTT" */;
			productName = CocoaMQTTWebSocket;
		};
/* End XCSwiftPackageProductDependency section */
	};
	rootObject = 026C7B952FA39BD00056DE7D /* Project object */;
}
